
Microsoft Visual Studio Solution File, Format Version 12.00
# Visual Studio Version 16
VisualStudioVersion = 16.0.31702.278
MinimumVisualStudioVersion = 10.0.40219.1
Project("{FAE04EC0-301F-11D3-BF4B-00C04F79EFBC}") = "Integer Operations", "..\Buoi2\Integer Operations\Integer Operations.csproj", "{3DDCDFFC-4B53-4508-98C2-A51508FF38A2}"
EndProject
Project("{FAE04EC0-301F-11D3-BF4B-00C04F79EFBC}") = "Prime Number", "..\Buoi2\Prime Number\Prime Number.csproj", "{09A374BF-A37D-4839-B448-899F1FF53042}"
EndProject
Project("{FAE04EC0-301F-11D3-BF4B-00C04F79EFBC}") = "Check Prime", "Check Prime\Check Prime.csproj", "{361C060B-A08A-4552-9EAC-0FDF9B28293B}"
EndProject
Project("{FAE04EC0-301F-11D3-BF4B-00C04F79EFBC}") = "A Number Guessing Game", "A Number Guessing Game\A Number Guessing Game.csproj", "{F5462EF8-CBE7-42ED-BA0A-96D8C10478F6}"
EndProject
Global
	GlobalSection(SolutionConfigurationPlatforms) = preSolution
		Debug|Any CPU = Debug|Any CPU
		Release|Any CPU = Release|Any CPU
	EndGlobalSection
	GlobalSection(ProjectConfigurationPlatforms) = postSolution
		{3DDCDFFC-4B53-4508-98C2-A51508FF38A2}.Debug|Any CPU.ActiveCfg = Debug|Any CPU
		{3DDCDFFC-4B53-4508-98C2-A51508FF38A2}.Debug|Any CPU.Build.0 = Debug|Any CPU
		{3DDCDFFC-4B53-4508-98C2-A51508FF38A2}.Release|Any CPU.ActiveCfg = Release|Any CPU
		{3DDCDFFC-4B53-4508-98C2-A51508FF38A2}.Release|Any CPU.Build.0 = Release|Any CPU
		{09A374BF-A37D-4839-B448-899F1FF53042}.Debug|Any CPU.ActiveCfg = Debug|Any CPU
		{09A374BF-A37D-4839-B448-899F1FF53042}.Debug|Any CPU.Build.0 = Debug|Any CPU
		{09A374BF-A37D-4839-B448-899F1FF53042}.Release|Any CPU.ActiveCfg = Release|Any CPU
		{09A374BF-A37D-4839-B448-899F1FF53042}.Release|Any CPU.Build.0 = Release|Any CPU
		{361C060B-A08A-4552-9EAC-0FDF9B28293B}.Debug|Any CPU.ActiveCfg = Debug|Any CPU
		{361C060B-A08A-4552-9EAC-0FDF9B28293B}.Debug|Any CPU.Build.0 = Debug|Any CPU
		{361C060B-A08A-4552-9EAC-0FDF9B28293B}.Release|Any CPU.ActiveCfg = Release|Any CPU
		{361C060B-A08A-4552-9EAC-0FDF9B28293B}.Release|Any CPU.Build.0 = Release|Any CPU
		{F5462EF8-CBE7-42ED-BA0A-96D8C10478F6}.Debug|Any CPU.ActiveCfg = Debug|Any CPU
		{F5462EF8-CBE7-42ED-BA0A-96D8C10478F6}.Debug|Any CPU.Build.0 = Debug|Any CPU
		{F5462EF8-CBE7-42ED-BA0A-96D8C10478F6}.Release|Any CPU.ActiveCfg = Release|Any CPU
		{F5462EF8-CBE7-42ED-BA0A-96D8C10478F6}.Release|Any CPU.Build.0 = Release|Any CPU
	EndGlobalSection
	GlobalSection(SolutionProperties) = preSolution
		HideSolutionNode = FALSE
	EndGlobalSection
	GlobalSection(ExtensibilityGlobals) = postSolution
		SolutionGuid = {12224892-3DC9-404D-8156-73E0EC20A391}
	EndGlobalSection
EndGlobal
